
Microsoft Visual Studio Solution File, Format Version 12.00
# Visual Studio Version 16
VisualStudioVersion = 16.0.31005.135
MinimumVisualStudioVersion = 10.0.40219.1
Project("{9A19103F-16F7-4668-BE54-9A1E7A4F7556}") = "Movies.API", "Movies.API\Movies.API.csproj", "{9369A6B7-42A4-4D36-9B81-E4599DA104BD}"
EndProject
Project("{FAE04EC0-301F-11D3-BF4B-00C04F79EFBC}") = "IdentityServer", "IdentityServer\IdentityServer.csproj", "{6E097D45-D5A1-4F4C-AC7E-338C440495FE}"
EndProject
Global
	GlobalSection(SolutionConfigurationPlatforms) = preSolution
		Debug|Any CPU = Debug|Any CPU
		Release|Any CPU = Release|Any CPU
	EndGlobalSection
	GlobalSection(ProjectConfigurationPlatforms) = postSolution
		{9369A6B7-42A4-4D36-9B81-E4599DA104BD}.Debug|Any CPU.ActiveCfg = Debug|Any CPU
		{9369A6B7-42A4-4D36-9B81-E4599DA104BD}.Debug|Any CPU.Build.0 = Debug|Any CPU
		{9369A6B7-42A4-4D36-9B81-E4599DA104BD}.Release|Any CPU.ActiveCfg = Release|Any CPU
		{9369A6B7-42A4-4D36-9B81-E4599DA104BD}.Release|Any CPU.Build.0 = Release|Any CPU
		{6E097D45-D5A1-4F4C-AC7E-338C440495FE}.Debug|Any CPU.ActiveCfg = Debug|Any CPU
		{6E097D45-D5A1-4F4C-AC7E-338C440495FE}.Debug|Any CPU.Build.0 = Debug|Any CPU
		{6E097D45-D5A1-4F4C-AC7E-338C440495FE}.Release|Any CPU.ActiveCfg = Release|Any CPU
		{6E097D45-D5A1-4F4C-AC7E-338C440495FE}.Release|Any CPU.Build.0 = Release|Any CPU
	EndGlobalSection
	GlobalSection(SolutionProperties) = preSolution
		HideSolutionNode = FALSE
	EndGlobalSection
	GlobalSection(ExtensibilityGlobals) = postSolution
		SolutionGuid = {E45871FC-B36F-440E-B173-15C51A0CA59B}
	EndGlobalSection
EndGlobal
